// !$*UTF8*$!
{
	archiveVersion = 1;
	classes = {
	};
	objectVersion = 56;
	objects = {

/* Begin PBXBuildFile section */
		F452E3872963FCC600FE857F /* AppDelegate.swift in Sources */ = {isa = PBXBuildFile; fileRef = F452E3862963FCC600FE857F /* AppDelegate.swift */; };
		F452E3892963FCC600FE857F /* SceneDelegate.swift in Sources */ = {isa = PBXBuildFile; fileRef = F452E3882963FCC600FE857F /* SceneDelegate.swift */; };
		F452E38B2963FCC600FE857F /* HomeViewController.swift in Sources */ = {isa = PBXBuildFile; fileRef = F452E38A2963FCC600FE857F /* HomeViewController.swift */; };
		F452E38E2963FCC600FE857F /* Home.storyboard in Resources */ = {isa = PBXBuildFile; fileRef = F452E38C2963FCC600FE857F /* Home.storyboard */; };
		F452E3902963FCC700FE857F /* Assets.xcassets in Resources */ = {isa = PBXBuildFile; fileRef = F452E38F2963FCC700FE857F /* Assets.xcassets */; };
		F452E3932963FCC700FE857F /* LaunchScreen.storyboard in Resources */ = {isa = PBXBuildFile; fileRef = F452E3912963FCC700FE857F /* LaunchScreen.storyboard */; };
		F4ACA1942966C74100ECA8DD /* CategoryViewController.swift in Sources */ = {isa = PBXBuildFile; fileRef = F4ACA1932966C74100ECA8DD /* CategoryViewController.swift */; };
		F4ACA1962966C7F100ECA8DD /* CategoryDetailsViewController.swift in Sources */ = {isa = PBXBuildFile; fileRef = F4ACA1952966C7F100ECA8DD /* CategoryDetailsViewController.swift */; };
		F4ACA1992966DCF400ECA8DD /* JokesAPIManager.swift in Sources */ = {isa = PBXBuildFile; fileRef = F4ACA1982966DCF400ECA8DD /* JokesAPIManager.swift */; };
/* End PBXBuildFile section */

/* Begin PBXFileReference section */
		F452E3832963FCC600FE857F /* lecture 17.app */ = {isa = PBXFileReference; explicitFileType = wrapper.application; includeInIndex = 0; path = "lecture 17.app"; sourceTree = BUILT_PRODUCTS_DIR; };
		F452E3862963FCC600FE857F /* AppDelegate.swift */ = {isa = PBXFileReference; lastKnownFileType = sourcecode.swift; path = AppDelegate.swift; sourceTree = "<group>"; };
		F452E3882963FCC600FE857F /* SceneDelegate.swift */ = {isa = PBXFileReference; lastKnownFileType = sourcecode.swift; path = SceneDelegate.swift; sourceTree = "<group>"; };
		F452E38A2963FCC600FE857F /* HomeViewController.swift */ = {isa = PBXFileReference; lastKnownFileType = sourcecode.swift; path = HomeViewController.swift; sourceTree = "<group>"; };
		F452E38D2963FCC600FE857F /* Base */ = {isa = PBXFileReference; lastKnownFileType = file.storyboard; name = Base; path = Base.lproj/Home.storyboard; sourceTree = "<group>"; };
		F452E38F2963FCC700FE857F /* Assets.xcassets */ = {isa = PBXFileReference; lastKnownFileType = folder.assetcatalog; path = Assets.xcassets; sourceTree = "<group>"; };
		F452E3922963FCC700FE857F /* Base */ = {isa = PBXFileReference; lastKnownFileType = file.storyboard; name = Base; path = Base.lproj/LaunchScreen.storyboard; sourceTree = "<group>"; };
		F452E3942963FCC700FE857F /* Info.plist */ = {isa = PBXFileReference; lastKnownFileType = text.plist.xml; path = Info.plist; sourceTree = "<group>"; };
		F4ACA1932966C74100ECA8DD /* CategoryViewController.swift */ = {isa = PBXFileReference; lastKnownFileType = sourcecode.swift; path = CategoryViewController.swift; sourceTree = "<group>"; };
		F4ACA1952966C7F100ECA8DD /* CategoryDetailsViewController.swift */ = {isa = PBXFileReference; lastKnownFileType = sourcecode.swift; path = CategoryDetailsViewController.swift; sourceTree = "<group>"; };
		F4ACA1982966DCF400ECA8DD /* JokesAPIManager.swift */ = {isa = PBXFileReference; lastKnownFileType = sourcecode.swift; path = JokesAPIManager.swift; sourceTree = "<group>"; };
/* End PBXFileReference section */

/* Begin PBXFrameworksBuildPhase section */
		F452E3802963FCC600FE857F /* Frameworks */ = {
			isa = PBXFrameworksBuildPhase;
			buildActionMask = 2147483647;
			files = (
			);
			runOnlyForDeploymentPostprocessing = 0;
		};
/* End PBXFrameworksBuildPhase section */

/* Begin PBXGroup section */
		F452E37A2963FCC600FE857F = {
			isa = PBXGroup;
			children = (
				F452E3852963FCC600FE857F /* lecture 17 */,
				F452E3842963FCC600FE857F /* Products */,
			);
			sourceTree = "<group>";
		};
		F452E3842963FCC600FE857F /* Products */ = {
			isa = PBXGroup;
			children = (
				F452E3832963FCC600FE857F /* lecture 17.app */,
			);
			name = Products;
			sourceTree = "<group>";
		};
		F452E3852963FCC600FE857F /* lecture 17 */ = {
			isa = PBXGroup;
			children = (
				F452E39C2963FCF900FE857F /* Scenes */,
				F452E39B2963FCEE00FE857F /* App */,
				F452E39F2963FD7000FE857F /* Resources */,
				F452E39A2963FCD600FE857F /* SupportingFiles */,
				F4ACA1932966C74100ECA8DD /* CategoryViewController.swift */,
				F4ACA1952966C7F100ECA8DD /* CategoryDetailsViewController.swift */,
			);
			path = "lecture 17";
			sourceTree = "<group>";
		};
		F452E39A2963FCD600FE857F /* SupportingFiles */ = {
			isa = PBXGroup;
			children = (
				F452E3942963FCC700FE857F /* Info.plist */,
			);
			path = SupportingFiles;
			sourceTree = "<group>";
		};
		F452E39B2963FCEE00FE857F /* App */ = {
			isa = PBXGroup;
			children = (
				F452E3882963FCC600FE857F /* SceneDelegate.swift */,
				F452E3862963FCC600FE857F /* AppDelegate.swift */,
			);
			path = App;
			sourceTree = "<group>";
		};
		F452E39C2963FCF900FE857F /* Scenes */ = {
			isa = PBXGroup;
			children = (
				F4ACA1972966DCAC00ECA8DD /* APIManager */,
				F452E39D2963FD1100FE857F /* Launch */,
				F452E39E2963FD2300FE857F /* Home */,
			);
			path = Scenes;
			sourceTree = "<group>";
		};
		F452E39D2963FD1100FE857F /* Launch */ = {
			isa = PBXGroup;
			children = (
				F452E3912963FCC700FE857F /* LaunchScreen.storyboard */,
			);
			path = Launch;
			sourceTree = "<group>";
		};
		F452E39E2963FD2300FE857F /* Home */ = {
			isa = PBXGroup;
			children = (
				F452E38C2963FCC600FE857F /* Home.storyboard */,
				F452E38A2963FCC600FE857F /* HomeViewController.swift */,
			);
			path = Home;
			sourceTree = "<group>";
		};
		F452E39F2963FD7000FE857F /* Resources */ = {
			isa = PBXGroup;
			children = (
				F452E38F2963FCC700FE857F /* Assets.xcassets */,
			);
			path = Resources;
			sourceTree = "<group>";
		};
		F4ACA1972966DCAC00ECA8DD /* APIManager */ = {
			isa = PBXGroup;
			children = (
				F4ACA1982966DCF400ECA8DD /* JokesAPIManager.swift */,
			);
			path = APIManager;
			sourceTree = "<group>";
		};
/* End PBXGroup section */

/* Begin PBXNativeTarget section */
		F452E3822963FCC600FE857F /* lecture 17 */ = {
			isa = PBXNativeTarget;
			buildConfigurationList = F452E3972963FCC700FE857F /* Build configuration list for PBXNativeTarget "lecture 17" */;
			buildPhases = (
				F452E37F2963FCC600FE857F /* Sources */,
				F452E3802963FCC600FE857F /* Frameworks */,
				F452E3812963FCC600FE857F /* Resources */,
			);
			buildRules = (
			);
			dependencies = (
			);
			name = "lecture 17";
			productName = "lecture 17";
			productReference = F452E3832963FCC600FE857F /* lecture 17.app */;
			productType = "com.apple.product-type.application";
		};
/* End PBXNativeTarget section */

/* Begin PBXProject section */
		F452E37B2963FCC600FE857F /* Project object */ = {
			isa = PBXProject;
			attributes = {
				BuildIndependentTargetsInParallel = 1;
				LastSwiftUpdateCheck = 1420;
				LastUpgradeCheck = 1420;
				TargetAttributes = {
					F452E3822963FCC600FE857F = {
						CreatedOnToolsVersion = 14.2;
					};
				};
			};
			buildConfigurationList = F452E37E2963FCC600FE857F /* Build configuration list for PBXProject "lecture 17" */;
			compatibilityVersion = "Xcode 14.0";
			developmentRegion = en;
			hasScannedForEncodings = 0;
			knownRegions = (
				en,
				Base,
			);
			mainGroup = F452E37A2963FCC600FE857F;
			productRefGroup = F452E3842963FCC600FE857F /* Products */;
			projectDirPath = "";
			projectRoot = "";
			targets = (
				F452E3822963FCC600FE857F /* lecture 17 */,
			);
		};
/* End PBXProject section */

/* Begin PBXResourcesBuildPhase section */
		F452E3812963FCC600FE857F /* Resources */ = {
			isa = PBXResourcesBuildPhase;
			buildActionMask = 2147483647;
			files = (
				F452E3932963FCC700FE857F /* LaunchScreen.storyboard in Resources */,
				F452E3902963FCC700FE857F /* Assets.xcassets in Resources */,
				F452E38E2963FCC600FE857F /* Home.storyboard in Resources */,
			);
			runOnlyForDeploymentPostprocessing = 0;
		};
/* End PBXResourcesBuildPhase section */

/* Begin PBXSourcesBuildPhase section */
		F452E37F2963FCC600FE857F /* Sources */ = {
			isa = PBXSourcesBuildPhase;
			buildActionMask = 2147483647;
			files = (
				F4ACA1942966C74100ECA8DD /* CategoryViewController.swift in Sources */,
				F4ACA1992966DCF400ECA8DD /* JokesAPIManager.swift in Sources */,
				F452E38B2963FCC600FE857F /* HomeViewController.swift in Sources */,
				F452E3872963FCC600FE857F /* AppDelegate.swift in Sources */,
				F4ACA1962966C7F100ECA8DD /* CategoryDetailsViewController.swift in Sources */,
				F452E3892963FCC600FE857F /* SceneDelegate.swift in Sources */,
			);
			runOnlyForDeploymentPostprocessing = 0;
		};
/* End PBXSourcesBuildPhase section */

/* Begin PBXVariantGroup section */
		F452E38C2963FCC600FE857F /* Home.storyboard */ = {
			isa = PBXVariantGroup;
			children = (
				F452E38D2963FCC600FE857F /* Base */,
			);
			name = Home.storyboard;
			sourceTree = "<group>";
		};
		F452E3912963FCC700FE857F /* LaunchScreen.storyboard */ = {
			isa = PBXVariantGroup;
			children = (
				F452E3922963FCC700FE857F /* Base */,
			);
			name = LaunchScreen.storyboard;
			sourceTree = "<group>";
		};
/* End PBXVariantGroup section */

/* Begin XCBuildConfiguration section */
		F452E3952963FCC700FE857F /* Debug */ = {
			isa = XCBuildConfiguration;
			buildSettings = {
				ALWAYS_SEARCH_USER_PATHS = NO;
				CLANG_ANALYZER_NONNULL = YES;
				CLANG_ANALYZER_NUMBER_OBJECT_CONVERSION = YES_AGGRESSIVE;
				CLANG_CXX_LANGUAGE_STANDARD = "gnu++20";
				CLANG_ENABLE_MODULES = YES;
				CLANG_ENABLE_OBJC_ARC = YES;
				CLANG_ENABLE_OBJC_WEAK = YES;
				CLANG_WARN_BLOCK_CAPTURE_AUTORELEASING = YES;
				CLANG_WARN_BOOL_CONVERSION = YES;
				CLANG_WARN_COMMA = YES;
				CLANG_WARN_CONSTANT_CONVERSION = YES;
				CLANG_WARN_DEPRECATED_OBJC_IMPLEMENTATIONS = YES;
				CLANG_WARN_DIRECT_OBJC_ISA_USAGE = YES_ERROR;
				CLANG_WARN_DOCUMENTATION_COMMENTS = YES;
				CLANG_WARN_EMPTY_BODY = YES;
				CLANG_WARN_ENUM_CONVERSION = YES;
				CLANG_WARN_INFINITE_RECURSION = YES;
				CLANG_WARN_INT_CONVERSION = YES;
				CLANG_WARN_NON_LITERAL_NULL_CONVERSION = YES;
				CLANG_WARN_OBJC_IMPLICIT_RETAIN_SELF = YES;
				CLANG_WARN_OBJC_LITERAL_CONVERSION = YES;
				CLANG_WARN_OBJC_ROOT_CLASS = YES_ERROR;
				CLANG_WARN_QUOTED_INCLUDE_IN_FRAMEWORK_HEADER = YES;
				CLANG_WARN_RANGE_LOOP_ANALYSIS = YES;
				CLANG_WARN_STRICT_PROTOTYPES = YES;
				CLANG_WARN_SUSPICIOUS_MOVE = YES;
				CLANG_WARN_UNGUARDED_AVAILABILITY = YES_AGGRESSIVE;
				CLANG_WARN_UNREACHABLE_CODE = YES;
				CLANG_WARN__DUPLICATE_METHOD_MATCH = YES;
				COPY_PHASE_STRIP = NO;
				DEBUG_INFORMATION_FORMAT = dwarf;
				ENABLE_STRICT_OBJC_MSGSEND = YES;
				ENABLE_TESTABILITY = YES;
				GCC_C_LANGUAGE_STANDARD = gnu11;
				GCC_DYNAMIC_NO_PIC = NO;
				GCC_NO_COMMON_BLOCKS = YES;
				GCC_OPTIMIZATION_LEVEL = 0;
				GCC_PREPROCESSOR_DEFINITIONS = (
					"DEBUG=1",
					"$(inherited)",
				);
				GCC_WARN_64_TO_32_BIT_CONVERSION = YES;
				GCC_WARN_ABOUT_RETURN_TYPE = YES_ERROR;
				GCC_WARN_UNDECLARED_SELECTOR = YES;
				GCC_WARN_UNINITIALIZED_AUTOS = YES_AGGRESSIVE;
				GCC_WARN_UNUSED_FUNCTION = YES;
				GCC_WARN_UNUSED_VARIABLE = YES;
				IPHONEOS_DEPLOYMENT_TARGET = 16.2;
				MTL_ENABLE_DEBUG_INFO = INCLUDE_SOURCE;
				MTL_FAST_MATH = YES;
				ONLY_ACTIVE_ARCH = YES;
				SDKROOT = iphoneos;
				SWIFT_ACTIVE_COMPILATION_CONDITIONS = DEBUG;
				SWIFT_OPTIMIZATION_LEVEL = "-Onone";
			};
			name = Debug;
		};
		F452E3962963FCC700FE857F /* Release */ = {
			isa = XCBuildConfiguration;
			buildSettings = {
				ALWAYS_SEARCH_USER_PATHS = NO;
				CLANG_ANALYZER_NONNULL = YES;
				CLANG_ANALYZER_NUMBER_OBJECT_CONVERSION = YES_AGGRESSIVE;
				CLANG_CXX_LANGUAGE_STANDARD = "gnu++20";
				CLANG_ENABLE_MODULES = YES;
				CLANG_ENABLE_OBJC_ARC = YES;
				CLANG_ENABLE_OBJC_WEAK = YES;
				CLANG_WARN_BLOCK_CAPTURE_AUTORELEASING = YES;
				CLANG_WARN_BOOL_CONVERSION = YES;
				CLANG_WARN_COMMA = YES;
				CLANG_WARN_CONSTANT_CONVERSION = YES;
				CLANG_WARN_DEPRECATED_OBJC_IMPLEMENTATIONS = YES;
				CLANG_WARN_DIRECT_OBJC_ISA_USAGE = YES_ERROR;
				CLANG_WARN_DOCUMENTATION_COMMENTS = YES;
				CLANG_WARN_EMPTY_BODY = YES;
				CLANG_WARN_ENUM_CONVERSION = YES;
				CLANG_WARN_INFINITE_RECURSION = YES;
				CLANG_WARN_INT_CONVERSION = YES;
				CLANG_WARN_NON_LITERAL_NULL_CONVERSION = YES;
				CLANG_WARN_OBJC_IMPLICIT_RETAIN_SELF = YES;
				CLANG_WARN_OBJC_LITERAL_CONVERSION = YES;
				CLANG_WARN_OBJC_ROOT_CLASS = YES_ERROR;
				CLANG_WARN_QUOTED_INCLUDE_IN_FRAMEWORK_HEADER = YES;
				CLANG_WARN_RANGE_LOOP_ANALYSIS = YES;
				CLANG_WARN_STRICT_PROTOTYPES = YES;
				CLANG_WARN_SUSPICIOUS_MOVE = YES;
				CLANG_WARN_UNGUARDED_AVAILABILITY = YES_AGGRESSIVE;
				CLANG_WARN_UNREACHABLE_CODE = YES;
				CLANG_WARN__DUPLICATE_METHOD_MATCH = YES;
				COPY_PHASE_STRIP = NO;
				DEBUG_INFORMATION_FORMAT = "dwarf-with-dsym";
				ENABLE_NS_ASSERTIONS = NO;
				ENABLE_STRICT_OBJC_MSGSEND = YES;
				GCC_C_LANGUAGE_STANDARD = gnu11;
				GCC_NO_COMMON_BLOCKS = YES;
				GCC_WARN_64_TO_32_BIT_CONVERSION = YES;
				GCC_WARN_ABOUT_RETURN_TYPE = YES_ERROR;
				GCC_WARN_UNDECLARED_SELECTOR = YES;
				GCC_WARN_UNINITIALIZED_AUTOS = YES_AGGRESSIVE;
				GCC_WARN_UNUSED_FUNCTION = YES;
				GCC_WARN_UNUSED_VARIABLE = YES;
				IPHONEOS_DEPLOYMENT_TARGET = 16.2;
				MTL_ENABLE_DEBUG_INFO = NO;
				MTL_FAST_MATH = YES;
				SDKROOT = iphoneos;
				SWIFT_COMPILATION_MODE = wholemodule;
				SWIFT_OPTIMIZATION_LEVEL = "-O";
				VALIDATE_PRODUCT = YES;
			};
			name = Release;
		};
		F452E3982963FCC700FE857F /* Debug */ = {
			isa = XCBuildConfiguration;
			buildSettings = {
				ASSETCATALOG_COMPILER_APPICON_NAME = AppIcon;
				ASSETCATALOG_COMPILER_GLOBAL_ACCENT_COLOR_NAME = AccentColor;
				CODE_SIGN_STYLE = Automatic;
				CURRENT_PROJECT_VERSION = 1;
				GENERATE_INFOPLIST_FILE = YES;
				INFOPLIST_FILE = "lecture 17/SupportingFiles/Info.plist";
				INFOPLIST_KEY_UIApplicationSupportsIndirectInputEvents = YES;
				INFOPLIST_KEY_UILaunchStoryboardName = LaunchScreen;
				INFOPLIST_KEY_UIMainStoryboardFile = Home;
				INFOPLIST_KEY_UISupportedInterfaceOrientations_iPad = "UIInterfaceOrientationPortrait UIInterfaceOrientationPortraitUpsideDown UIInterfaceOrientationLandscapeLeft UIInterfaceOrientationLandscapeRight";
				INFOPLIST_KEY_UISupportedInterfaceOrientations_iPhone = "UIInterfaceOrientationPortrait UIInterfaceOrientationLandscapeLeft UIInterfaceOrientationLandscapeRight";
				LD_RUNPATH_SEARCH_PATHS = (
					"$(inherited)",
					"@executable_path/Frameworks",
				);
				MARKETING_VERSION = 1.0;
				PRODUCT_BUNDLE_IDENTIFIER = "com.ge.myportfolio.lecture-17";
				PRODUCT_NAME = "$(TARGET_NAME)";
				SWIFT_EMIT_LOC_STRINGS = YES;
				SWIFT_VERSION = 5.0;
				TARGETED_DEVICE_FAMILY = "1,2";
			};
			name = Debug;
		};
		F452E3992963FCC700FE857F /* Release */ = {
			isa = XCBuildConfiguration;
			buildSettings = {
				ASSETCATALOG_COMPILER_APPICON_NAME = AppIcon;
				ASSETCATALOG_COMPILER_GLOBAL_ACCENT_COLOR_NAME = AccentColor;
				CODE_SIGN_STYLE = Automatic;
				CURRENT_PROJECT_VERSION = 1;
				GENERATE_INFOPLIST_FILE = YES;
				INFOPLIST_FILE = "lecture 17/SupportingFiles/Info.plist";
				INFOPLIST_KEY_UIApplicationSupportsIndirectInputEvents = YES;
				INFOPLIST_KEY_UILaunchStoryboardName = LaunchScreen;
				INFOPLIST_KEY_UIMainStoryboardFile = Home;
				INFOPLIST_KEY_UISupportedInterfaceOrientations_iPad = "UIInterfaceOrientationPortrait UIInterfaceOrientationPortraitUpsideDown UIInterfaceOrientationLandscapeLeft UIInterfaceOrientationLandscapeRight";
				INFOPLIST_KEY_UISupportedInterfaceOrientations_iPhone = "UIInterfaceOrientationPortrait UIInterfaceOrientationLandscapeLeft UIInterfaceOrientationLandscapeRight";
				LD_RUNPATH_SEARCH_PATHS = (
					"$(inherited)",
					"@executable_path/Frameworks",
				);
				MARKETING_VERSION = 1.0;
				PRODUCT_BUNDLE_IDENTIFIER = "com.ge.myportfolio.lecture-17";
				PRODUCT_NAME = "$(TARGET_NAME)";
				SWIFT_EMIT_LOC_STRINGS = YES;
				SWIFT_VERSION = 5.0;
				TARGETED_DEVICE_FAMILY = "1,2";
			};
			name = Release;
		};
/* End XCBuildConfiguration section */

/* Begin XCConfigurationList section */
		F452E37E2963FCC600FE857F /* Build configuration list for PBXProject "lecture 17" */ = {
			isa = XCConfigurationList;
			buildConfigurations = (
				F452E3952963FCC700FE857F /* Debug */,
				F452E3962963FCC700FE857F /* Release */,
			);
			defaultConfigurationIsVisible = 0;
			defaultConfigurationName = Release;
		};
		F452E3972963FCC700FE857F /* Build configuration list for PBXNativeTarget "lecture 17" */ = {
			isa = XCConfigurationList;
			buildConfigurations = (
				F452E3982963FCC700FE857F /* Debug */,
				F452E3992963FCC700FE857F /* Release */,
			);
			defaultConfigurationIsVisible = 0;
			defaultConfigurationName = Release;
		};
/* End XCConfigurationList section */
	};
	rootObject = F452E37B2963FCC600FE857F /* Project object */;
}
